{
    "_meta": {
        "hash": {
            "sha256": "abc123def456"
        },
        "pipfile-spec": 6,
        "requires": {
            "python_version": "3.11"
        },
        "sources": [
            {
                "name": "pypi",
                "url": "https://pypi.org/simple",
                "verify_ssl": true
            }
        ]
    },
    "default": {
        "requests": {
            "hashes": [
                "sha256:58cd2187c01e70e6e26505bca751777aa9f2ee0b7f4300988b709f44e013003f",
                "sha256:942c5a758f98d790eaed1a29cb6eefc7ffb0d1cf7af05c3d2791656dbd6ad1e1"
            ],
            "index": "pypi",
            "version": "==2.31.0"
        },
        "click": {
            "hashes": [
                "sha256:ae74fb96c20a0277a1d615f1e4d73c8414f5a98db8b799a7931d1582f3390c28",
                "sha256:ca9853ad459e787e2192211578cc907e7594e294c7ccc834310722b41b9ca6de"
            ],
            "index": "pypi",
            "version": "==8.1.7"
        },
        "certifi": {
            "hashes": [
                "sha256:dc383c07b76109f368f6106eee2b593b04a011ea4d55f652c6ca24a754d1cdd1"
            ],
            "index": "pypi",
            "version": "==2024.2.2"
        }
    },
    "develop": {
        "pytest": {
            "hashes": [
                "sha256:0000000000000000000000000000000000000000000000000000000000000000"
            ],
            "index": "pypi",
            "version": "==8.0.0"
        },
        "ruff": {
            "hashes": [
                "sha256:1111111111111111111111111111111111111111111111111111111111111111"
            ],
            "index": "pypi",
            "version": "==0.8.0"
        }
    }
}
